
Microsoft Visual Studio Solution File, Format Version 12.00
# Visual Studio 15
VisualStudioVersion = 15.0.28307.489
MinimumVisualStudioVersion = 10.0.40219.1
Project("{FAE04EC0-301F-11D3-BF4B-00C04F79EFBC}") = "Sudoku_Solver_Module", "Sudoku_Solver_Module\Sudoku_Solver_Module.csproj", "{59D56D65-DAA5-444A-9AC4-679B20470434}"
EndProject
Project("{FAE04EC0-301F-11D3-BF4B-00C04F79EFBC}") = "Sudoku_Solver_Component", "Sudoku_Solver_Component\Sudoku_Solver_Component.csproj", "{352F29BE-5BF9-4EEE-B597-E2207CB1A9B7}"
EndProject
Global
	GlobalSection(SolutionConfigurationPlatforms) = preSolution
		Debug|Any CPU = Debug|Any CPU
		Release|Any CPU = Release|Any CPU
	EndGlobalSection
	GlobalSection(ProjectConfigurationPlatforms) = postSolution
		{59D56D65-DAA5-444A-9AC4-679B20470434}.Debug|Any CPU.ActiveCfg = Debug|Any CPU
		{59D56D65-DAA5-444A-9AC4-679B20470434}.Debug|Any CPU.Build.0 = Debug|Any CPU
		{59D56D65-DAA5-444A-9AC4-679B20470434}.Release|Any CPU.ActiveCfg = Release|Any CPU
		{59D56D65-DAA5-444A-9AC4-679B20470434}.Release|Any CPU.Build.0 = Release|Any CPU
		{352F29BE-5BF9-4EEE-B597-E2207CB1A9B7}.Debug|Any CPU.ActiveCfg = Debug|Any CPU
		{352F29BE-5BF9-4EEE-B597-E2207CB1A9B7}.Debug|Any CPU.Build.0 = Debug|Any CPU
		{352F29BE-5BF9-4EEE-B597-E2207CB1A9B7}.Release|Any CPU.ActiveCfg = Release|Any CPU
		{352F29BE-5BF9-4EEE-B597-E2207CB1A9B7}.Release|Any CPU.Build.0 = Release|Any CPU
	EndGlobalSection
	GlobalSection(SolutionProperties) = preSolution
		HideSolutionNode = FALSE
	EndGlobalSection
	GlobalSection(ExtensibilityGlobals) = postSolution
		SolutionGuid = {6B6BAFF2-33F1-4DAD-8369-605CBF6C3435}
	EndGlobalSection
EndGlobal
